schema: '2.0'
stages:
  import_data:
    cmd: IMP_APPEND_ONLY=1 IMP_DEDUP_DUCKDB=1 bash 
      mlops/1_import_donnees/run_import.sh
    deps:
    - path: mlops/1_import_donnees/import_data.py
      hash: md5
      md5: 5570c399af206f6ac361194f237f6156
      size: 30058
      isexec: true
    - path: mlops/1_import_donnees/run_import.sh
      hash: md5
      md5: 7fa80f27441adf13b118d637728e0612
      size: 2066
      isexec: true
    outs:
    - path: data/df_sample.csv
      hash: md5
      md5: 75cdcfd24d4d2211c6012fc95966516c
      size: 120105500
    - path: data/incremental
      hash: md5
      md5: 7beb10023da9385d457811c910dce7c6.dir
      size: 120105500
      nfiles: 1
    - path: data/state/checkpoint.parquet
      hash: md5
      md5: d70e1b01e5b0d2b59deeb38e06fe766b
      size: 7547020
  fusion_geo:
    cmd: "python mlops/3_fusion/fusion_geo_dvf.py --folder-path1 data --folder-path2
      data --output-folder data/clean\n"
    deps:
    - path: data/DVF_donnees_macroeco.csv
      hash: md5
      md5: ded39ac70c6931a3c63deeb31e9d43bf
      size: 13090771
      isexec: true
    - path: data/df_sample.csv
      hash: md5
      md5: b3b4585e6ddb9279d2285e69f07d1914
      size: 111280786
      isexec: true
    - path: mlops/3_fusion/fusion_geo_dvf.py
      hash: md5
      md5: 36ca98d4489b16a84b8e4653e02da6fc
      size: 5058
    outs:
    - path: data/clean/df_sales_clean.csv
      hash: md5
      md5: 5d4ff9524073dee89a5f8794e35a1385
      size: 142497303
  preprocessing:
    cmd: source .venv/bin/activate && python -m 
      mlops.preprocessing_4.preprocessing --input data --out-dir data/processed
    deps:
    - path: data/df_sample.csv
      hash: md5
      md5: 75cdcfd24d4d2211c6012fc95966516c
      size: 120105500
    - path: mlops/preprocessing_4/preprocessing.py
      hash: md5
      md5: 696594694eff4492888be05f94f255dd
      size: 11944
      isexec: true
    - path: mlops/preprocessing_4/utils.py
      hash: md5
      md5: 1035e1f53b2498fa75e580339ff3687f
      size: 4158
      isexec: true
    outs:
    - path: data/processed
      hash: md5
      md5: da2da46507ecb9a5e13210f485230810.dir
      size: 82561416
      nfiles: 6
  clustering:
    cmd: CLUSTERING_SAFE=1 python mlops/5_clustering/Clustering.py --input-dir 
      data/processed --output-dir exports
    deps:
    - path: data/processed
      hash: md5
      md5: da2da46507ecb9a5e13210f485230810.dir
      size: 82561416
      nfiles: 6
    - path: mlops/5_clustering/Clustering.py
      hash: md5
      md5: afc6abab470c48bf40f70e2555652727
      size: 9112
      isexec: true
    outs:
    - path: exports/df_cluster.csv
      hash: md5
      md5: ab9fb7fc64d096fb500b710035727308
      size: 99666511
    - path: exports/df_sales_clean_ST.csv
      hash: md5
      md5: 05c419ff21f13d8f91d6890ac20276a3
      size: 96810963
  encode:
    cmd: python mlops/6_Regression/1_Encoding/encoding.py --data-path 
      exports/df_cluster.csv --output data/encoded
    deps:
    - path: exports/df_cluster.csv
      hash: md5
      md5: ab9fb7fc64d096fb500b710035727308
      size: 99666511
    - path: mlops/6_Regression/1_Encoding/encoding.py
      hash: md5
      md5: 4877345b3beb332717bcd7e5183bd46c
      size: 15467
      isexec: true
    outs:
    - path: data/encoded
      hash: md5
      md5: e02f2d0d7217bfc34a1bc6bded31f015.dir
      size: 298742863
      nfiles: 6
  splitst:
    cmd: "source .venv/bin/activate && python mlops/7_Serie_temporelle/1_SPLIT/load_split.py
      --st-path exports/df_sales_clean_ST.csv --out-dir data/split\n"
    deps:
    - path: data/contours-codes-postaux.geojson
      hash: md5
      md5: fd8abea558099967148f7f22c881f3e8
      size: 3010266
      isexec: true
    - path: data/taux_immo.xlsx
      hash: md5
      md5: e867fbe9e9a89a44a083b9fe60b726c1
      size: 12400
      isexec: true
    - path: exports/df_sales_clean_ST.csv
      hash: md5
      md5: 05c419ff21f13d8f91d6890ac20276a3
      size: 96810963
    - path: mlops/7_Serie_temporelle/1_SPLIT/load_split.py
      hash: md5
      md5: f156ba05cc02e8f8f9f6bb5f48b6754b
      size: 15992
      isexec: true
    outs:
    - path: data/split
      hash: md5
      md5: 38764de13a488581287594e33a1427d9.dir
      size: 158505669
      nfiles: 4
  decompose:
    cmd: python mlops/7_Serie_temporelle/2_Decompose/seasonal_decomp.py 
      --input-folder data/split --output-folder outputs/decomposition --suffix 
      _yazrun
    deps:
    - path: data/split/train_periodique_q12.csv
      hash: md5
      md5: 276b81ce03d0399e65fc0934be708557
      size: 9670
    - path: mlops/7_Serie_temporelle/2_Decompose/seasonal_decomp.py
      hash: md5
      md5: 4ccb5d106ff2f5c33ebd0f9a6c8459bd
      size: 9547
      isexec: true
    outs:
    - path: outputs/decomposition/decomposition_additive_cluster_0.png
      hash: md5
      md5: e9216f8dfe053f5b0edfefa96caca687
      size: 52372
    - path: outputs/decomposition/decomposition_multiplicative_cluster_0.png
      hash: md5
      md5: 4a0c7a398c7b6b6feed1776a9060cd58
      size: 49180
  train_sarimax:
    cmd: python mlops/7_Serie_temporelle/3_SARIMAX/sarimax_train.py 
      --input-folder data/split --output-folder outputs/best --suffix _yazrun 
      --corr-threshold 0.25 --top-k-exog 3 --max-exog-comb-size 0 
      --stop-on-first-valid --max-models 300
    deps:
    - path: data/split/test_periodique_q12.csv
      hash: md5
      md5: ccaeadf4f9cb30766842c511211780f2
      size: 2921
    - path: data/split/train_periodique_q12.csv
      hash: md5
      md5: 276b81ce03d0399e65fc0934be708557
      size: 9670
    - path: mlops/7_Serie_temporelle/3_SARIMAX/sarimax_train.py
      hash: md5
      md5: 31b0624303ff6795528b65545d6652bb
      size: 24710
      isexec: true
    outs:
    - path: outputs/best
      hash: md5
      md5: 1c308a707407faba0f4a861a1163df88.dir
      size: 148833
      nfiles: 3
  train_lgbm:
    cmd: "python mlops/6_Regression/2_LGBM/train_lgbm.py --encoded-folder data/encoded
      --model-folder models --experiment regression_pipeline && mkdir -p models\n"
    deps:
    - path: data/encoded/X_test.csv
      hash: md5
      md5: ae8d995261f4a4445745acc608fcdc81
      size: 58969328
    - path: data/encoded/X_train.csv
      hash: md5
      md5: 6e87a0e1a2f63490b4fde45c56c42549
      size: 235893151
    - path: data/encoded/y_test.csv
      hash: md5
      md5: 03bb414081e8fdf78ef2387e6ce2758d
      size: 767777
    - path: data/encoded/y_train.csv
      hash: md5
      md5: c70eddb3edbab05e3447c7cfaa59a098
      size: 3071597
    - path: mlops/6_Regression/2_LGBM/train_lgbm.py
      hash: md5
      md5: 18367c8cdd4a4bab61a97e1a70da66c1
      size: 9174
      isexec: true
    outs:
    - path: metrics/train_lgbm.json
      hash: md5
      md5: 425548da0b7cb79148b29f0b9b74dd75
      size: 427
    - path: models/lgbm_model.joblib
      hash: md5
      md5: 7397a04d4109c34233b6b3802b6c5963
      size: 2336910
    - path: reports/feature_importance.json
      hash: md5
      md5: b24743a462b0cea529382bf1eab9e6c3
      size: 3086
  analyse:
    cmd: "python mlops/6_Regression/4_Analyse/analyse.py --model lightgbm && mkdir
      -p exports/reg\n"
    deps:
    - path: data/encoded/X_test.csv
      hash: md5
      md5: ae8d995261f4a4445745acc608fcdc81
      size: 58969328
    - path: data/encoded/y_test.csv
      hash: md5
      md5: 03bb414081e8fdf78ef2387e6ce2758d
      size: 767777
    - path: mlops/6_Regression/4_Analyse/analyse.py
      hash: md5
      md5: 0a5f9b2c93337883300fac4725806920
      size: 4927
      isexec: true
    - path: models/lgbm_model.joblib
      hash: md5
      md5: 7397a04d4109c34233b6b3802b6c5963
      size: 2336910
    outs:
    - path: exports/reg
      hash: md5
      md5: d751713988987e9331980363e24189ce.dir
      size: 0
      nfiles: 0
  evaluate:
    cmd: source .venv/bin/activate && python 
      mlops/7_Serie_temporelle/4_EVALUATE/evaluate_ST.py --input-folder 
      data/split --model-folder outputs/best --output-folder outputs/evaluate
    deps:
    - path: data/split
      hash: md5
      md5: 38764de13a488581287594e33a1427d9.dir
      size: 158505669
      nfiles: 4
    - path: mlops/7_Serie_temporelle/4_EVALUATE/evaluate_ST.py
      hash: md5
      md5: 8f842442356c04b5ec5176d54a0b754e
      size: 10229
      isexec: true
    - path: outputs/best
      hash: md5
      md5: 1c308a707407faba0f4a861a1163df88.dir
      size: 148833
      nfiles: 3
    outs:
    - path: outputs/evaluate
      hash: md5
      md5: bd72d5e0aa4ce65361ee4e1f4169631e.dir
      size: 479
      nfiles: 1
