schema: '2.0'
stages:
  import_data:
    cmd: IMP_APPEND_ONLY=1 IMP_DEDUP_DUCKDB=1 bash 
      mlops/1_import_donnees/run_import.sh
    deps:
    - path: mlops/1_import_donnees/import_data.py
      hash: md5
      md5: 5570c399af206f6ac361194f237f6156
      size: 30058
      isexec: true
    - path: mlops/1_import_donnees/run_import.sh
      hash: md5
      md5: 7fa80f27441adf13b118d637728e0612
      size: 2066
      isexec: true
    outs:
    - path: data/df_sample.csv
      hash: md5
      md5: 75cdcfd24d4d2211c6012fc95966516c
      size: 120105500
    - path: data/incremental
      hash: md5
      md5: 7beb10023da9385d457811c910dce7c6.dir
      size: 120105500
      nfiles: 1
    - path: data/state/checkpoint.parquet
      hash: md5
      md5: d70e1b01e5b0d2b59deeb38e06fe766b
      size: 7547020
  fusion_geo:
    cmd: "python mlops/3_fusion/fusion_geo_dvf.py --folder-path1 data --folder-path2
      data --output-folder data/clean\n"
    deps:
    - path: data/DVF_donnees_macroeco.csv
      hash: md5
      md5: ded39ac70c6931a3c63deeb31e9d43bf
      size: 13090771
      isexec: true
    - path: data/df_sample.csv
      hash: md5
      md5: b3b4585e6ddb9279d2285e69f07d1914
      size: 111280786
      isexec: true
    - path: mlops/3_fusion/fusion_geo_dvf.py
      hash: md5
      md5: 36ca98d4489b16a84b8e4653e02da6fc
      size: 5058
    outs:
    - path: data/clean/df_sales_clean.csv
      hash: md5
      md5: 5d4ff9524073dee89a5f8794e35a1385
      size: 142497303
  preprocessing:
    cmd: python -m mlops.preprocessing_4.preprocessing --input data --out-dir 
      data/processed
    deps:
    - path: data/df_sample.csv
      hash: md5
      md5: 75cdcfd24d4d2211c6012fc95966516c
      size: 120105500
    - path: mlops/preprocessing_4/preprocessing.py
      hash: md5
      md5: 696594694eff4492888be05f94f255dd
      size: 11944
      isexec: true
    - path: mlops/preprocessing_4/utils.py
      hash: md5
      md5: 1035e1f53b2498fa75e580339ff3687f
      size: 4158
      isexec: true
    outs:
    - path: data/processed
      hash: md5
      md5: c79d21f4ace97dc22bf0a55272f8fa17.dir
      size: 82551886
      nfiles: 6
  clustering:
    cmd: CLUSTERING_SAFE=1 python mlops/5_clustering/Clustering.py --input-path 
      data/processed --output-path exports
    deps:
    - path: data/processed/df_sales_clean_train.csv
      hash: md5
      md5: b5062377d9c4e57efd8b49115864a445
      size: 65638966
    - path: mlops/5_clustering/Clustering.py
      hash: md5
      md5: 7c3fdf0d7397119c2432fd0dbaf70c19
      size: 14302
      isexec: true
    outs:
    - path: data/df_sales_clean_ST.csv
      hash: md5
      md5: 01539bd8598830556edb65f6d958fce2
      size: 94349292
    - path: exports/df_cluster.csv
      hash: md5
      md5: 1c3ec7c37a17822d6141692af87abd27
      size: 97204840
    - path: mlflow_outputs/cluster_input.csv
      hash: md5
      md5: fe1418f891b7f29ad9a0b10da7ed79d0
      size: 18
    - path: mlflow_outputs/elbow_plot.png
      hash: md5
      md5: 3149bec08a1864f76805b93fc3832769
      size: 2866
  encode:
    cmd: python mlops/6_Regression/1_Encoding/encoding.py --data-path 
      data/df_cluster.csv --output data/encoded
    deps:
    - path: exports/df_cluster.csv
      hash: md5
      md5: 1c3ec7c37a17822d6141692af87abd27
      size: 97204840
    - path: mlops/6_Regression/1_Encoding/encoding.py
      hash: md5
      md5: 23731b66f87467b324c3b2cdfc508f43
      size: 15135
      isexec: true
    outs:
    - path: data/encoded
      hash: md5
      md5: e53929e9dd446d0618e68e443ab5565a.dir
      size: 298742897
      nfiles: 6
  splitst:
    cmd: python mlops/7_Serie_temporelle/1_SPLIT/load_split.py
    deps:
    - path: data/contours-codes-postaux.geojson
      hash: md5
      md5: fd8abea558099967148f7f22c881f3e8
      size: 3010266
      isexec: true
    - path: data/df_sales_clean_ST.csv
      hash: md5
      md5: 01539bd8598830556edb65f6d958fce2
      size: 94349292
    - path: data/taux_immo.xlsx
      hash: md5
      md5: e867fbe9e9a89a44a083b9fe60b726c1
      size: 12400
      isexec: true
    - path: mlops/7_Serie_temporelle/1_SPLIT/load_split.py
      hash: md5
      md5: 4702af97631d25f158cd41dd7d1dba3c
      size: 15997
      isexec: true
    outs:
    - path: data/split
      hash: md5
      md5: af75cfbb156d26f6ac8dfd4607867426.dir
      size: 156585783
      nfiles: 4
  decompose:
    cmd: python mlops/7_Serie_temporelle/2_Decompose/seasonal_decomp.py 
      --input-folder data/split --output-folder outputs/decomposition --suffix 
      _yazrun
    deps:
    - path: data/split/train_periodique_q12.csv
      hash: md5
      md5: 276b81ce03d0399e65fc0934be708557
      size: 9670
    - path: mlops/7_Serie_temporelle/2_Decompose/seasonal_decomp.py
      hash: md5
      md5: 4ccb5d106ff2f5c33ebd0f9a6c8459bd
      size: 9547
      isexec: true
    outs:
    - path: outputs/decomposition/decomposition_additive_cluster_0.png
      hash: md5
      md5: e9216f8dfe053f5b0edfefa96caca687
      size: 52372
    - path: outputs/decomposition/decomposition_multiplicative_cluster_0.png
      hash: md5
      md5: 4a0c7a398c7b6b6feed1776a9060cd58
      size: 49180
  train_sarimax:
    cmd: "python mlops/7_Serie_temporelle/3_SARIMAX/sarimax_train.py --input-folder
      data/split --output-folder outputs/best --suffix _yazrun --corr-threshold 0.25
      --top-k-exog 3 --max-exog-comb-size 0 --stop-on-first-valid --max-models 300\n"
    deps:
    - path: data/split/test_periodique_q12.csv
      hash: md5
      md5: 867ab5394768f6ab802a230c64149e1d
      size: 13057
    - path: data/split/train_periodique_q12.csv
      hash: md5
      md5: 3fc67352923075133534cabcd6e71547
      size: 44518
    - path: mlops/7_Serie_temporelle/3_SARIMAX/sarimax_train.py
      hash: md5
      md5: 31b0624303ff6795528b65545d6652bb
      size: 24710
    outs:
    - path: outputs/best
      hash: md5
      md5: c85d3866de324077e7a042f83066ad48.dir
      size: 4087334
      nfiles: 12
  train_lgbm:
    cmd: "python mlops/6_Regression/2_LGBM/train_lgbm.py && mkdir -p models && mv
      data/encoded/lgbm_model.joblib models/lgbm_model.joblib   # si ton script écrit
      encore là\n"
    deps:
    - path: data/encoded/X_train.csv
      hash: md5
      md5: a6201564314de26cf014085c46ee7944
      size: 235893157
    - path: data/encoded/y_train.csv
      hash: md5
      md5: c70eddb3edbab05e3447c7cfaa59a098
      size: 3071597
    - path: mlops/6_Regression/2_LGBM/train_lgbm.py
      hash: md5
      md5: bb9fefbebed97b7e0d37c3beeb05cc5e
      size: 9029
      isexec: true
    outs:
    - path: metrics/train_lgbm.json
      hash: md5
      md5: a49fe25277229f28e4978eecd25c2da9
      size: 426
    - path: models/lgbm_model.joblib
      hash: md5
      md5: 75e78966e622cbf7e4f9e44d50b9d982
      size: 2336919
    - path: reports/feature_importance.json
      hash: md5
      md5: 647645eaa0fcb19151ddb7c7a8005741
      size: 3092
  analyse:
    cmd: "python mlops/6_Regression/4_Analyse/analyse.py --model lightgbm\n"
    deps:
    - path: data/encoded/X_test.csv
      hash: md5
      md5: da431b85a1842ef44548c344a5ee9ce6
      size: 64388025
    - path: data/encoded/lgbm_model.joblib
      hash: md5
      md5: 4d6c10cb7cf3a4152f7c8ce54498fdc4
      size: 2363411
    - path: data/encoded/y_test.csv
      hash: md5
      md5: d34e5f9df7159ca64b9decd5c5754b17
      size: 758568
    - path: mlops/6_Regression/4_Analyse/analyse.py
      hash: md5
      md5: 0ad9de64f743042bad85ba6e54a7fc6f
      size: 1774
  evaluate:
    cmd: "python mlops/7_Serie_temporelle/4_EVALUATE/evaluate_ST.py --input-folder
      data/split --model-folder outputs/best --output-folder outputs/evaluate --suffix
      _yazrun\n"
    deps:
    - path: data/split
      hash: md5
      md5: b48acdd47f887d30057395bd90d15d74.dir
      size: 200952373
      nfiles: 4
    - path: outputs/best
      hash: md5
      md5: c85d3866de324077e7a042f83066ad48.dir
      size: 4087334
      nfiles: 12
    outs:
    - path: outputs/evaluate
      hash: md5
      md5: ca235b2c7f2f06a5052907c2600f7748.dir
      size: 1921
      nfiles: 4
